
Microsoft Visual Studio Solution File, Format Version 12.00
# Visual Studio Version 17
VisualStudioVersion = 17.2.32519.379
MinimumVisualStudioVersion = 10.0.40219.1
Project("{8BC9CEB8-8B4A-11D0-8D11-00A0C91BC942}") = "LR6", "LR6\LR6.vcxproj", "{52348D35-9564-4875-B596-D5009E7308B3}"
EndProject
Global
	GlobalSection(SolutionConfigurationPlatforms) = preSolution
		Debug|x64 = Debug|x64
		Debug|x86 = Debug|x86
		Release|x64 = Release|x64
		Release|x86 = Release|x86
	EndGlobalSection
	GlobalSection(ProjectConfigurationPlatforms) = postSolution
		{52348D35-9564-4875-B596-D5009E7308B3}.Debug|x64.ActiveCfg = Debug|x64
		{52348D35-9564-4875-B596-D5009E7308B3}.Debug|x64.Build.0 = Debug|x64
		{52348D35-9564-4875-B596-D5009E7308B3}.Debug|x86.ActiveCfg = Debug|Win32
		{52348D35-9564-4875-B596-D5009E7308B3}.Debug|x86.Build.0 = Debug|Win32
		{52348D35-9564-4875-B596-D5009E7308B3}.Release|x64.ActiveCfg = Release|x64
		{52348D35-9564-4875-B596-D5009E7308B3}.Release|x64.Build.0 = Release|x64
		{52348D35-9564-4875-B596-D5009E7308B3}.Release|x86.ActiveCfg = Release|Win32
		{52348D35-9564-4875-B596-D5009E7308B3}.Release|x86.Build.0 = Release|Win32
	EndGlobalSection
	GlobalSection(SolutionProperties) = preSolution
		HideSolutionNode = FALSE
	EndGlobalSection
	GlobalSection(ExtensibilityGlobals) = postSolution
		SolutionGuid = {87AA6C25-7AF0-4268-AD2D-244394EF1BC9}
	EndGlobalSection
EndGlobal
